// !$*UTF8*$!
{
	archiveVersion = 1;
	classes = {
	};
	objectVersion = 55;
	objects = {

/* Begin PBXBuildFile section */
		C908359D287722D9000C9214 /* AppDelegate.swift in Sources */ = {isa = PBXBuildFile; fileRef = C908359C287722D9000C9214 /* AppDelegate.swift */; };
		C908359F287722D9000C9214 /* SceneDelegate.swift in Sources */ = {isa = PBXBuildFile; fileRef = C908359E287722D9000C9214 /* SceneDelegate.swift */; };
		C90835A1287722D9000C9214 /* ViewController.swift in Sources */ = {isa = PBXBuildFile; fileRef = C90835A0287722D9000C9214 /* ViewController.swift */; };
		C90835A4287722D9000C9214 /* Main.storyboard in Resources */ = {isa = PBXBuildFile; fileRef = C90835A2287722D9000C9214 /* Main.storyboard */; };
		C90835A6287722FA000C9214 /* Assets.xcassets in Resources */ = {isa = PBXBuildFile; fileRef = C90835A5287722FA000C9214 /* Assets.xcassets */; };
		C90835A9287722FA000C9214 /* LaunchScreen.storyboard in Resources */ = {isa = PBXBuildFile; fileRef = C90835A7287722FA000C9214 /* LaunchScreen.storyboard */; };
		C90835B128772505000C9214 /* TapCateGame.swift in Sources */ = {isa = PBXBuildFile; fileRef = C90835B028772505000C9214 /* TapCateGame.swift */; };
		C909A0DB2879B8DD00D7BEC6 /* Rainbow.storyboard in Resources */ = {isa = PBXBuildFile; fileRef = C909A0DA2879B8DD00D7BEC6 /* Rainbow.storyboard */; };
		C909A0DD2879BD2D00D7BEC6 /* RainbowRed.swift in Sources */ = {isa = PBXBuildFile; fileRef = C909A0DC2879BD2D00D7BEC6 /* RainbowRed.swift */; };
		C909A0DF2879BD4A00D7BEC6 /* RainbowOrange.swift in Sources */ = {isa = PBXBuildFile; fileRef = C909A0DE2879BD4A00D7BEC6 /* RainbowOrange.swift */; };
		C909A0E12879BD6300D7BEC6 /* RainbowYellow.swift in Sources */ = {isa = PBXBuildFile; fileRef = C909A0E02879BD6300D7BEC6 /* RainbowYellow.swift */; };
		C909A0E32879BD7600D7BEC6 /* RainbowGreen.swift in Sources */ = {isa = PBXBuildFile; fileRef = C909A0E22879BD7600D7BEC6 /* RainbowGreen.swift */; };
		C909A0E52879BD8C00D7BEC6 /* RainbowLightBlue.swift in Sources */ = {isa = PBXBuildFile; fileRef = C909A0E42879BD8C00D7BEC6 /* RainbowLightBlue.swift */; };
		C909A0E72879BDA100D7BEC6 /* RainbowBlue.swift in Sources */ = {isa = PBXBuildFile; fileRef = C909A0E62879BDA100D7BEC6 /* RainbowBlue.swift */; };
		C909A0E92879BDB300D7BEC6 /* RainbowPurple.swift in Sources */ = {isa = PBXBuildFile; fileRef = C909A0E82879BDB300D7BEC6 /* RainbowPurple.swift */; };
		C95E125A28774EA800F8FA7C /* LocatorCircleViewController.swift in Sources */ = {isa = PBXBuildFile; fileRef = C95E125928774EA700F8FA7C /* LocatorCircleViewController.swift */; };
		C95E125E287839D900F8FA7C /* TrackingViewController.swift in Sources */ = {isa = PBXBuildFile; fileRef = C95E125D287839D900F8FA7C /* TrackingViewController.swift */; };
		C95E126428789DDE00F8FA7C /* REDO.storyboard in Resources */ = {isa = PBXBuildFile; fileRef = C95E126328789DDE00F8FA7C /* REDO.storyboard */; };
		C95E126628789DFB00F8FA7C /* REDOhome.swift in Sources */ = {isa = PBXBuildFile; fileRef = C95E126528789DFB00F8FA7C /* REDOhome.swift */; };
		C95E126828789F2500F8FA7C /* CustomClass.swift in Sources */ = {isa = PBXBuildFile; fileRef = C95E126728789F2500F8FA7C /* CustomClass.swift */; };
		C95E126A28789F4000F8FA7C /* Rainbow.swift in Sources */ = {isa = PBXBuildFile; fileRef = C95E126928789F4000F8FA7C /* Rainbow.swift */; };
		C95E126C2879A83400F8FA7C /* CustomClassShowViewController.swift in Sources */ = {isa = PBXBuildFile; fileRef = C95E126B2879A83300F8FA7C /* CustomClassShowViewController.swift */; };
/* End PBXBuildFile section */

/* Begin PBXFileReference section */
		C9083599287722D9000C9214 /* HWLect9.app */ = {isa = PBXFileReference; explicitFileType = wrapper.application; includeInIndex = 0; path = HWLect9.app; sourceTree = BUILT_PRODUCTS_DIR; };
		C908359C287722D9000C9214 /* AppDelegate.swift */ = {isa = PBXFileReference; lastKnownFileType = sourcecode.swift; path = AppDelegate.swift; sourceTree = "<group>"; };
		C908359E287722D9000C9214 /* SceneDelegate.swift */ = {isa = PBXFileReference; lastKnownFileType = sourcecode.swift; path = SceneDelegate.swift; sourceTree = "<group>"; };
		C90835A0287722D9000C9214 /* ViewController.swift */ = {isa = PBXFileReference; lastKnownFileType = sourcecode.swift; path = ViewController.swift; sourceTree = "<group>"; };
		C90835A3287722D9000C9214 /* Base */ = {isa = PBXFileReference; lastKnownFileType = file.storyboard; name = Base; path = Base.lproj/Main.storyboard; sourceTree = "<group>"; };
		C90835A5287722FA000C9214 /* Assets.xcassets */ = {isa = PBXFileReference; lastKnownFileType = folder.assetcatalog; path = Assets.xcassets; sourceTree = "<group>"; };
		C90835A8287722FA000C9214 /* Base */ = {isa = PBXFileReference; lastKnownFileType = file.storyboard; name = Base; path = Base.lproj/LaunchScreen.storyboard; sourceTree = "<group>"; };
		C90835AA287722FA000C9214 /* Info.plist */ = {isa = PBXFileReference; lastKnownFileType = text.plist.xml; path = Info.plist; sourceTree = "<group>"; };
		C90835B028772505000C9214 /* TapCateGame.swift */ = {isa = PBXFileReference; lastKnownFileType = sourcecode.swift; path = TapCateGame.swift; sourceTree = "<group>"; };
		C909A0DA2879B8DD00D7BEC6 /* Rainbow.storyboard */ = {isa = PBXFileReference; lastKnownFileType = file.storyboard; path = Rainbow.storyboard; sourceTree = "<group>"; };
		C909A0DC2879BD2D00D7BEC6 /* RainbowRed.swift */ = {isa = PBXFileReference; lastKnownFileType = sourcecode.swift; path = RainbowRed.swift; sourceTree = "<group>"; };
		C909A0DE2879BD4A00D7BEC6 /* RainbowOrange.swift */ = {isa = PBXFileReference; lastKnownFileType = sourcecode.swift; path = RainbowOrange.swift; sourceTree = "<group>"; };
		C909A0E02879BD6300D7BEC6 /* RainbowYellow.swift */ = {isa = PBXFileReference; lastKnownFileType = sourcecode.swift; path = RainbowYellow.swift; sourceTree = "<group>"; };
		C909A0E22879BD7600D7BEC6 /* RainbowGreen.swift */ = {isa = PBXFileReference; lastKnownFileType = sourcecode.swift; path = RainbowGreen.swift; sourceTree = "<group>"; };
		C909A0E42879BD8C00D7BEC6 /* RainbowLightBlue.swift */ = {isa = PBXFileReference; lastKnownFileType = sourcecode.swift; path = RainbowLightBlue.swift; sourceTree = "<group>"; };
		C909A0E62879BDA100D7BEC6 /* RainbowBlue.swift */ = {isa = PBXFileReference; lastKnownFileType = sourcecode.swift; path = RainbowBlue.swift; sourceTree = "<group>"; };
		C909A0E82879BDB300D7BEC6 /* RainbowPurple.swift */ = {isa = PBXFileReference; lastKnownFileType = sourcecode.swift; path = RainbowPurple.swift; sourceTree = "<group>"; };
		C95E125928774EA700F8FA7C /* LocatorCircleViewController.swift */ = {isa = PBXFileReference; lastKnownFileType = sourcecode.swift; path = LocatorCircleViewController.swift; sourceTree = "<group>"; };
		C95E125D287839D900F8FA7C /* TrackingViewController.swift */ = {isa = PBXFileReference; lastKnownFileType = sourcecode.swift; path = TrackingViewController.swift; sourceTree = "<group>"; };
		C95E126328789DDE00F8FA7C /* REDO.storyboard */ = {isa = PBXFileReference; lastKnownFileType = file.storyboard; path = REDO.storyboard; sourceTree = "<group>"; };
		C95E126528789DFB00F8FA7C /* REDOhome.swift */ = {isa = PBXFileReference; lastKnownFileType = sourcecode.swift; path = REDOhome.swift; sourceTree = "<group>"; };
		C95E126728789F2500F8FA7C /* CustomClass.swift */ = {isa = PBXFileReference; lastKnownFileType = sourcecode.swift; path = CustomClass.swift; sourceTree = "<group>"; };
		C95E126928789F4000F8FA7C /* Rainbow.swift */ = {isa = PBXFileReference; lastKnownFileType = sourcecode.swift; path = Rainbow.swift; sourceTree = "<group>"; };
		C95E126B2879A83300F8FA7C /* CustomClassShowViewController.swift */ = {isa = PBXFileReference; lastKnownFileType = sourcecode.swift; path = CustomClassShowViewController.swift; sourceTree = "<group>"; };
/* End PBXFileReference section */

/* Begin PBXFrameworksBuildPhase section */
		C9083596287722D9000C9214 /* Frameworks */ = {
			isa = PBXFrameworksBuildPhase;
			buildActionMask = 2147483647;
			files = (
			);
			runOnlyForDeploymentPostprocessing = 0;
		};
/* End PBXFrameworksBuildPhase section */

/* Begin PBXGroup section */
		C9083590287722D9000C9214 = {
			isa = PBXGroup;
			children = (
				C908359B287722D9000C9214 /* HWLect9 */,
				C908359A287722D9000C9214 /* Products */,
			);
			sourceTree = "<group>";
		};
		C908359A287722D9000C9214 /* Products */ = {
			isa = PBXGroup;
			children = (
				C9083599287722D9000C9214 /* HWLect9.app */,
			);
			name = Products;
			sourceTree = "<group>";
		};
		C908359B287722D9000C9214 /* HWLect9 */ = {
			isa = PBXGroup;
			children = (
				C908359C287722D9000C9214 /* AppDelegate.swift */,
				C908359E287722D9000C9214 /* SceneDelegate.swift */,
				C90835A0287722D9000C9214 /* ViewController.swift */,
				C90835A2287722D9000C9214 /* Main.storyboard */,
				C90835B028772505000C9214 /* TapCateGame.swift */,
				C95E125928774EA700F8FA7C /* LocatorCircleViewController.swift */,
				C95E125D287839D900F8FA7C /* TrackingViewController.swift */,
				C95E126328789DDE00F8FA7C /* REDO.storyboard */,
				C95E126528789DFB00F8FA7C /* REDOhome.swift */,
				C95E126728789F2500F8FA7C /* CustomClass.swift */,
				C95E126B2879A83300F8FA7C /* CustomClassShowViewController.swift */,
				C95E126928789F4000F8FA7C /* Rainbow.swift */,
				C909A0DA2879B8DD00D7BEC6 /* Rainbow.storyboard */,
				C909A0DC2879BD2D00D7BEC6 /* RainbowRed.swift */,
				C909A0DE2879BD4A00D7BEC6 /* RainbowOrange.swift */,
				C909A0E02879BD6300D7BEC6 /* RainbowYellow.swift */,
				C909A0E22879BD7600D7BEC6 /* RainbowGreen.swift */,
				C909A0E42879BD8C00D7BEC6 /* RainbowLightBlue.swift */,
				C909A0E62879BDA100D7BEC6 /* RainbowBlue.swift */,
				C909A0E82879BDB300D7BEC6 /* RainbowPurple.swift */,
				C90835A5287722FA000C9214 /* Assets.xcassets */,
				C90835A7287722FA000C9214 /* LaunchScreen.storyboard */,
				C90835AA287722FA000C9214 /* Info.plist */,
			);
			path = HWLect9;
			sourceTree = "<group>";
		};
/* End PBXGroup section */

/* Begin PBXNativeTarget section */
		C9083598287722D9000C9214 /* HWLect9 */ = {
			isa = PBXNativeTarget;
			buildConfigurationList = C90835AD287722FA000C9214 /* Build configuration list for PBXNativeTarget "HWLect9" */;
			buildPhases = (
				C9083595287722D9000C9214 /* Sources */,
				C9083596287722D9000C9214 /* Frameworks */,
				C9083597287722D9000C9214 /* Resources */,
			);
			buildRules = (
			);
			dependencies = (
			);
			name = HWLect9;
			productName = HWLect9;
			productReference = C9083599287722D9000C9214 /* HWLect9.app */;
			productType = "com.apple.product-type.application";
		};
/* End PBXNativeTarget section */

/* Begin PBXProject section */
		C9083591287722D9000C9214 /* Project object */ = {
			isa = PBXProject;
			attributes = {
				BuildIndependentTargetsInParallel = 1;
				LastSwiftUpdateCheck = 1330;
				LastUpgradeCheck = 1330;
				TargetAttributes = {
					C9083598287722D9000C9214 = {
						CreatedOnToolsVersion = 13.3;
					};
				};
			};
			buildConfigurationList = C9083594287722D9000C9214 /* Build configuration list for PBXProject "HWLect9" */;
			compatibilityVersion = "Xcode 13.0";
			developmentRegion = en;
			hasScannedForEncodings = 0;
			knownRegions = (
				en,
				Base,
			);
			mainGroup = C9083590287722D9000C9214;
			productRefGroup = C908359A287722D9000C9214 /* Products */;
			projectDirPath = "";
			projectRoot = "";
			targets = (
				C9083598287722D9000C9214 /* HWLect9 */,
			);
		};
/* End PBXProject section */

/* Begin PBXResourcesBuildPhase section */
		C9083597287722D9000C9214 /* Resources */ = {
			isa = PBXResourcesBuildPhase;
			buildActionMask = 2147483647;
			files = (
				C95E126428789DDE00F8FA7C /* REDO.storyboard in Resources */,
				C909A0DB2879B8DD00D7BEC6 /* Rainbow.storyboard in Resources */,
				C90835A9287722FA000C9214 /* LaunchScreen.storyboard in Resources */,
				C90835A6287722FA000C9214 /* Assets.xcassets in Resources */,
				C90835A4287722D9000C9214 /* Main.storyboard in Resources */,
			);
			runOnlyForDeploymentPostprocessing = 0;
		};
/* End PBXResourcesBuildPhase section */

/* Begin PBXSourcesBuildPhase section */
		C9083595287722D9000C9214 /* Sources */ = {
			isa = PBXSourcesBuildPhase;
			buildActionMask = 2147483647;
			files = (
				C909A0DF2879BD4A00D7BEC6 /* RainbowOrange.swift in Sources */,
				C95E126A28789F4000F8FA7C /* Rainbow.swift in Sources */,
				C90835B128772505000C9214 /* TapCateGame.swift in Sources */,
				C90835A1287722D9000C9214 /* ViewController.swift in Sources */,
				C908359D287722D9000C9214 /* AppDelegate.swift in Sources */,
				C95E125E287839D900F8FA7C /* TrackingViewController.swift in Sources */,
				C909A0E72879BDA100D7BEC6 /* RainbowBlue.swift in Sources */,
				C909A0DD2879BD2D00D7BEC6 /* RainbowRed.swift in Sources */,
				C908359F287722D9000C9214 /* SceneDelegate.swift in Sources */,
				C909A0E12879BD6300D7BEC6 /* RainbowYellow.swift in Sources */,
				C909A0E92879BDB300D7BEC6 /* RainbowPurple.swift in Sources */,
				C95E126828789F2500F8FA7C /* CustomClass.swift in Sources */,
				C909A0E32879BD7600D7BEC6 /* RainbowGreen.swift in Sources */,
				C909A0E52879BD8C00D7BEC6 /* RainbowLightBlue.swift in Sources */,
				C95E126C2879A83400F8FA7C /* CustomClassShowViewController.swift in Sources */,
				C95E126628789DFB00F8FA7C /* REDOhome.swift in Sources */,
				C95E125A28774EA800F8FA7C /* LocatorCircleViewController.swift in Sources */,
			);
			runOnlyForDeploymentPostprocessing = 0;
		};
/* End PBXSourcesBuildPhase section */

/* Begin PBXVariantGroup section */
		C90835A2287722D9000C9214 /* Main.storyboard */ = {
			isa = PBXVariantGroup;
			children = (
				C90835A3287722D9000C9214 /* Base */,
			);
			name = Main.storyboard;
			sourceTree = "<group>";
		};
		C90835A7287722FA000C9214 /* LaunchScreen.storyboard */ = {
			isa = PBXVariantGroup;
			children = (
				C90835A8287722FA000C9214 /* Base */,
			);
			name = LaunchScreen.storyboard;
			sourceTree = "<group>";
		};
/* End PBXVariantGroup section */

/* Begin XCBuildConfiguration section */
		C90835AB287722FA000C9214 /* Debug */ = {
			isa = XCBuildConfiguration;
			buildSettings = {
				ALWAYS_SEARCH_USER_PATHS = NO;
				CLANG_ANALYZER_NONNULL = YES;
				CLANG_ANALYZER_NUMBER_OBJECT_CONVERSION = YES_AGGRESSIVE;
				CLANG_CXX_LANGUAGE_STANDARD = "gnu++17";
				CLANG_ENABLE_MODULES = YES;
				CLANG_ENABLE_OBJC_ARC = YES;
				CLANG_ENABLE_OBJC_WEAK = YES;
				CLANG_WARN_BLOCK_CAPTURE_AUTORELEASING = YES;
				CLANG_WARN_BOOL_CONVERSION = YES;
				CLANG_WARN_COMMA = YES;
				CLANG_WARN_CONSTANT_CONVERSION = YES;
				CLANG_WARN_DEPRECATED_OBJC_IMPLEMENTATIONS = YES;
				CLANG_WARN_DIRECT_OBJC_ISA_USAGE = YES_ERROR;
				CLANG_WARN_DOCUMENTATION_COMMENTS = YES;
				CLANG_WARN_EMPTY_BODY = YES;
				CLANG_WARN_ENUM_CONVERSION = YES;
				CLANG_WARN_INFINITE_RECURSION = YES;
				CLANG_WARN_INT_CONVERSION = YES;
				CLANG_WARN_NON_LITERAL_NULL_CONVERSION = YES;
				CLANG_WARN_OBJC_IMPLICIT_RETAIN_SELF = YES;
				CLANG_WARN_OBJC_LITERAL_CONVERSION = YES;
				CLANG_WARN_OBJC_ROOT_CLASS = YES_ERROR;
				CLANG_WARN_QUOTED_INCLUDE_IN_FRAMEWORK_HEADER = YES;
				CLANG_WARN_RANGE_LOOP_ANALYSIS = YES;
				CLANG_WARN_STRICT_PROTOTYPES = YES;
				CLANG_WARN_SUSPICIOUS_MOVE = YES;
				CLANG_WARN_UNGUARDED_AVAILABILITY = YES_AGGRESSIVE;
				CLANG_WARN_UNREACHABLE_CODE = YES;
				CLANG_WARN__DUPLICATE_METHOD_MATCH = YES;
				COPY_PHASE_STRIP = NO;
				DEBUG_INFORMATION_FORMAT = dwarf;
				ENABLE_STRICT_OBJC_MSGSEND = YES;
				ENABLE_TESTABILITY = YES;
				GCC_C_LANGUAGE_STANDARD = gnu11;
				GCC_DYNAMIC_NO_PIC = NO;
				GCC_NO_COMMON_BLOCKS = YES;
				GCC_OPTIMIZATION_LEVEL = 0;
				GCC_PREPROCESSOR_DEFINITIONS = (
					"DEBUG=1",
					"$(inherited)",
				);
				GCC_WARN_64_TO_32_BIT_CONVERSION = YES;
				GCC_WARN_ABOUT_RETURN_TYPE = YES_ERROR;
				GCC_WARN_UNDECLARED_SELECTOR = YES;
				GCC_WARN_UNINITIALIZED_AUTOS = YES_AGGRESSIVE;
				GCC_WARN_UNUSED_FUNCTION = YES;
				GCC_WARN_UNUSED_VARIABLE = YES;
				IPHONEOS_DEPLOYMENT_TARGET = 15.4;
				MTL_ENABLE_DEBUG_INFO = INCLUDE_SOURCE;
				MTL_FAST_MATH = YES;
				ONLY_ACTIVE_ARCH = YES;
				SDKROOT = iphoneos;
				SWIFT_ACTIVE_COMPILATION_CONDITIONS = DEBUG;
				SWIFT_OPTIMIZATION_LEVEL = "-Onone";
			};
			name = Debug;
		};
		C90835AC287722FA000C9214 /* Release */ = {
			isa = XCBuildConfiguration;
			buildSettings = {
				ALWAYS_SEARCH_USER_PATHS = NO;
				CLANG_ANALYZER_NONNULL = YES;
				CLANG_ANALYZER_NUMBER_OBJECT_CONVERSION = YES_AGGRESSIVE;
				CLANG_CXX_LANGUAGE_STANDARD = "gnu++17";
				CLANG_ENABLE_MODULES = YES;
				CLANG_ENABLE_OBJC_ARC = YES;
				CLANG_ENABLE_OBJC_WEAK = YES;
				CLANG_WARN_BLOCK_CAPTURE_AUTORELEASING = YES;
				CLANG_WARN_BOOL_CONVERSION = YES;
				CLANG_WARN_COMMA = YES;
				CLANG_WARN_CONSTANT_CONVERSION = YES;
				CLANG_WARN_DEPRECATED_OBJC_IMPLEMENTATIONS = YES;
				CLANG_WARN_DIRECT_OBJC_ISA_USAGE = YES_ERROR;
				CLANG_WARN_DOCUMENTATION_COMMENTS = YES;
				CLANG_WARN_EMPTY_BODY = YES;
				CLANG_WARN_ENUM_CONVERSION = YES;
				CLANG_WARN_INFINITE_RECURSION = YES;
				CLANG_WARN_INT_CONVERSION = YES;
				CLANG_WARN_NON_LITERAL_NULL_CONVERSION = YES;
				CLANG_WARN_OBJC_IMPLICIT_RETAIN_SELF = YES;
				CLANG_WARN_OBJC_LITERAL_CONVERSION = YES;
				CLANG_WARN_OBJC_ROOT_CLASS = YES_ERROR;
				CLANG_WARN_QUOTED_INCLUDE_IN_FRAMEWORK_HEADER = YES;
				CLANG_WARN_RANGE_LOOP_ANALYSIS = YES;
				CLANG_WARN_STRICT_PROTOTYPES = YES;
				CLANG_WARN_SUSPICIOUS_MOVE = YES;
				CLANG_WARN_UNGUARDED_AVAILABILITY = YES_AGGRESSIVE;
				CLANG_WARN_UNREACHABLE_CODE = YES;
				CLANG_WARN__DUPLICATE_METHOD_MATCH = YES;
				COPY_PHASE_STRIP = NO;
				DEBUG_INFORMATION_FORMAT = "dwarf-with-dsym";
				ENABLE_NS_ASSERTIONS = NO;
				ENABLE_STRICT_OBJC_MSGSEND = YES;
				GCC_C_LANGUAGE_STANDARD = gnu11;
				GCC_NO_COMMON_BLOCKS = YES;
				GCC_WARN_64_TO_32_BIT_CONVERSION = YES;
				GCC_WARN_ABOUT_RETURN_TYPE = YES_ERROR;
				GCC_WARN_UNDECLARED_SELECTOR = YES;
				GCC_WARN_UNINITIALIZED_AUTOS = YES_AGGRESSIVE;
				GCC_WARN_UNUSED_FUNCTION = YES;
				GCC_WARN_UNUSED_VARIABLE = YES;
				IPHONEOS_DEPLOYMENT_TARGET = 15.4;
				MTL_ENABLE_DEBUG_INFO = NO;
				MTL_FAST_MATH = YES;
				SDKROOT = iphoneos;
				SWIFT_COMPILATION_MODE = wholemodule;
				SWIFT_OPTIMIZATION_LEVEL = "-O";
				VALIDATE_PRODUCT = YES;
			};
			name = Release;
		};
		C90835AE287722FA000C9214 /* Debug */ = {
			isa = XCBuildConfiguration;
			buildSettings = {
				ASSETCATALOG_COMPILER_APPICON_NAME = AppIcon;
				ASSETCATALOG_COMPILER_GLOBAL_ACCENT_COLOR_NAME = AccentColor;
				CODE_SIGN_STYLE = Automatic;
				CURRENT_PROJECT_VERSION = 1;
				DEVELOPMENT_TEAM = 6ZBBJJ3996;
				GENERATE_INFOPLIST_FILE = YES;
				INFOPLIST_FILE = HWLect9/Info.plist;
				INFOPLIST_KEY_UIApplicationSupportsIndirectInputEvents = YES;
				INFOPLIST_KEY_UILaunchStoryboardName = LaunchScreen;
				INFOPLIST_KEY_UIMainStoryboardFile = Main;
				INFOPLIST_KEY_UISupportedInterfaceOrientations_iPad = "UIInterfaceOrientationPortrait UIInterfaceOrientationPortraitUpsideDown UIInterfaceOrientationLandscapeLeft UIInterfaceOrientationLandscapeRight";
				INFOPLIST_KEY_UISupportedInterfaceOrientations_iPhone = "UIInterfaceOrientationPortrait UIInterfaceOrientationLandscapeLeft UIInterfaceOrientationLandscapeRight";
				LD_RUNPATH_SEARCH_PATHS = (
					"$(inherited)",
					"@executable_path/Frameworks",
				);
				MARKETING_VERSION = 1.0;
				PRODUCT_BUNDLE_IDENTIFIER = com.CEZ.HWLect9;
				PRODUCT_NAME = "$(TARGET_NAME)";
				SWIFT_EMIT_LOC_STRINGS = YES;
				SWIFT_VERSION = 5.0;
				TARGETED_DEVICE_FAMILY = "1,2";
			};
			name = Debug;
		};
		C90835AF287722FA000C9214 /* Release */ = {
			isa = XCBuildConfiguration;
			buildSettings = {
				ASSETCATALOG_COMPILER_APPICON_NAME = AppIcon;
				ASSETCATALOG_COMPILER_GLOBAL_ACCENT_COLOR_NAME = AccentColor;
				CODE_SIGN_STYLE = Automatic;
				CURRENT_PROJECT_VERSION = 1;
				DEVELOPMENT_TEAM = 6ZBBJJ3996;
				GENERATE_INFOPLIST_FILE = YES;
				INFOPLIST_FILE = HWLect9/Info.plist;
				INFOPLIST_KEY_UIApplicationSupportsIndirectInputEvents = YES;
				INFOPLIST_KEY_UILaunchStoryboardName = LaunchScreen;
				INFOPLIST_KEY_UIMainStoryboardFile = Main;
				INFOPLIST_KEY_UISupportedInterfaceOrientations_iPad = "UIInterfaceOrientationPortrait UIInterfaceOrientationPortraitUpsideDown UIInterfaceOrientationLandscapeLeft UIInterfaceOrientationLandscapeRight";
				INFOPLIST_KEY_UISupportedInterfaceOrientations_iPhone = "UIInterfaceOrientationPortrait UIInterfaceOrientationLandscapeLeft UIInterfaceOrientationLandscapeRight";
				LD_RUNPATH_SEARCH_PATHS = (
					"$(inherited)",
					"@executable_path/Frameworks",
				);
				MARKETING_VERSION = 1.0;
				PRODUCT_BUNDLE_IDENTIFIER = com.CEZ.HWLect9;
				PRODUCT_NAME = "$(TARGET_NAME)";
				SWIFT_EMIT_LOC_STRINGS = YES;
				SWIFT_VERSION = 5.0;
				TARGETED_DEVICE_FAMILY = "1,2";
			};
			name = Release;
		};
/* End XCBuildConfiguration section */

/* Begin XCConfigurationList section */
		C9083594287722D9000C9214 /* Build configuration list for PBXProject "HWLect9" */ = {
			isa = XCConfigurationList;
			buildConfigurations = (
				C90835AB287722FA000C9214 /* Debug */,
				C90835AC287722FA000C9214 /* Release */,
			);
			defaultConfigurationIsVisible = 0;
			defaultConfigurationName = Release;
		};
		C90835AD287722FA000C9214 /* Build configuration list for PBXNativeTarget "HWLect9" */ = {
			isa = XCConfigurationList;
			buildConfigurations = (
				C90835AE287722FA000C9214 /* Debug */,
				C90835AF287722FA000C9214 /* Release */,
			);
			defaultConfigurationIsVisible = 0;
			defaultConfigurationName = Release;
		};
/* End XCConfigurationList section */
	};
	rootObject = C9083591287722D9000C9214 /* Project object */;
}
